
Microsoft Visual Studio Solution File, Format Version 12.00
# Visual Studio Version 17
VisualStudioVersion = 17.9.34728.123
MinimumVisualStudioVersion = 10.0.40219.1
Project("{9A19103F-16F7-4668-BE54-9A1E7A4F7556}") = "BlazorResearchApp", "BlazorResearchApp\BlazorResearchApp\BlazorResearchApp.csproj", "{DB1FC495-441A-4CDC-A1B4-4C53EC7E18DB}"
EndProject
Project("{9A19103F-16F7-4668-BE54-9A1E7A4F7556}") = "BlazorResearchApp.Client", "BlazorResearchApp\BlazorResearchApp.Client\BlazorResearchApp.Client.csproj", "{74E1CA7E-A9EF-4F10-A503-D560FEA0DE0F}"
EndProject
Global
	GlobalSection(SolutionConfigurationPlatforms) = preSolution
		Debug|Any CPU = Debug|Any CPU
		Release|Any CPU = Release|Any CPU
	EndGlobalSection
	GlobalSection(ProjectConfigurationPlatforms) = postSolution
		{DB1FC495-441A-4CDC-A1B4-4C53EC7E18DB}.Debug|Any CPU.ActiveCfg = Debug|Any CPU
		{DB1FC495-441A-4CDC-A1B4-4C53EC7E18DB}.Debug|Any CPU.Build.0 = Debug|Any CPU
		{DB1FC495-441A-4CDC-A1B4-4C53EC7E18DB}.Release|Any CPU.ActiveCfg = Release|Any CPU
		{DB1FC495-441A-4CDC-A1B4-4C53EC7E18DB}.Release|Any CPU.Build.0 = Release|Any CPU
		{74E1CA7E-A9EF-4F10-A503-D560FEA0DE0F}.Debug|Any CPU.ActiveCfg = Debug|Any CPU
		{74E1CA7E-A9EF-4F10-A503-D560FEA0DE0F}.Debug|Any CPU.Build.0 = Debug|Any CPU
		{74E1CA7E-A9EF-4F10-A503-D560FEA0DE0F}.Release|Any CPU.ActiveCfg = Release|Any CPU
		{74E1CA7E-A9EF-4F10-A503-D560FEA0DE0F}.Release|Any CPU.Build.0 = Release|Any CPU
	EndGlobalSection
	GlobalSection(SolutionProperties) = preSolution
		HideSolutionNode = FALSE
	EndGlobalSection
	GlobalSection(ExtensibilityGlobals) = postSolution
		SolutionGuid = {E20FE2B0-F290-43D2-850E-4CE421334413}
	EndGlobalSection
EndGlobal
